
Microsoft Visual Studio Solution File, Format Version 12.00
# Visual Studio Version 16
VisualStudioVersion = 16.0.32228.343
MinimumVisualStudioVersion = 10.0.40219.1
Project("{FAE04EC0-301F-11D3-BF4B-00C04F79EFBC}") = "Test", "Test\Test.csproj", "{888784FF-DEB4-4A5B-9AF7-21B4B7AEC945}"
EndProject
Global
	GlobalSection(SolutionConfigurationPlatforms) = preSolution
		Debug|Any CPU = Debug|Any CPU
		Release|Any CPU = Release|Any CPU
	EndGlobalSection
	GlobalSection(ProjectConfigurationPlatforms) = postSolution
		{888784FF-DEB4-4A5B-9AF7-21B4B7AEC945}.Debug|Any CPU.ActiveCfg = Debug|Any CPU
		{888784FF-DEB4-4A5B-9AF7-21B4B7AEC945}.Debug|Any CPU.Build.0 = Debug|Any CPU
		{888784FF-DEB4-4A5B-9AF7-21B4B7AEC945}.Release|Any CPU.ActiveCfg = Release|Any CPU
		{888784FF-DEB4-4A5B-9AF7-21B4B7AEC945}.Release|Any CPU.Build.0 = Release|Any CPU
	EndGlobalSection
	GlobalSection(SolutionProperties) = preSolution
		HideSolutionNode = FALSE
	EndGlobalSection
	GlobalSection(ExtensibilityGlobals) = postSolution
		SolutionGuid = {17EDE277-DDB4-4021-AA15-76F5E8B3707B}
	EndGlobalSection
EndGlobal
